// !$*UTF8*$!
{
	archiveVersion = 1;
	classes = {
	};
	objectVersion = 51;
	objects = {

/* Begin PBXBuildFile section */
		14AFB2BC23A3F58E002C4312 /* AppDelegate.swift in Sources */ = {isa = PBXBuildFile; fileRef = 14AFB2BB23A3F58E002C4312 /* AppDelegate.swift */; };
		14AFB2BE23A3F58E002C4312 /* MainViewController.swift in Sources */ = {isa = PBXBuildFile; fileRef = 14AFB2BD23A3F58E002C4312 /* MainViewController.swift */; };
		14AFB2C123A3F58E002C4312 /* Main.storyboard in Resources */ = {isa = PBXBuildFile; fileRef = 14AFB2BF23A3F58E002C4312 /* Main.storyboard */; };
		14AFB2C323A3F590002C4312 /* Assets.xcassets in Resources */ = {isa = PBXBuildFile; fileRef = 14AFB2C223A3F590002C4312 /* Assets.xcassets */; };
		14AFB2C623A3F590002C4312 /* LaunchScreen.storyboard in Resources */ = {isa = PBXBuildFile; fileRef = 14AFB2C423A3F590002C4312 /* LaunchScreen.storyboard */; };
/* End PBXBuildFile section */

/* Begin PBXFileReference section */
		14AFB2B823A3F58E002C4312 /* HelloWorldTwitter.app */ = {isa = PBXFileReference; explicitFileType = wrapper.application; includeInIndex = 0; path = HelloWorldTwitter.app; sourceTree = BUILT_PRODUCTS_DIR; };
		14AFB2BB23A3F58E002C4312 /* AppDelegate.swift */ = {isa = PBXFileReference; lastKnownFileType = sourcecode.swift; path = AppDelegate.swift; sourceTree = "<group>"; };
		14AFB2BD23A3F58E002C4312 /* MainViewController.swift */ = {isa = PBXFileReference; lastKnownFileType = sourcecode.swift; path = MainViewController.swift; sourceTree = "<group>"; };
		14AFB2C023A3F58E002C4312 /* Base */ = {isa = PBXFileReference; lastKnownFileType = file.storyboard; name = Base; path = Base.lproj/Main.storyboard; sourceTree = "<group>"; };
		14AFB2C223A3F590002C4312 /* Assets.xcassets */ = {isa = PBXFileReference; lastKnownFileType = folder.assetcatalog; path = Assets.xcassets; sourceTree = "<group>"; };
		14AFB2C523A3F590002C4312 /* Base */ = {isa = PBXFileReference; lastKnownFileType = file.storyboard; name = Base; path = Base.lproj/LaunchScreen.storyboard; sourceTree = "<group>"; };
		14AFB2C723A3F590002C4312 /* Info.plist */ = {isa = PBXFileReference; lastKnownFileType = text.plist.xml; path = Info.plist; sourceTree = "<group>"; };
		A6054DD1A11602C155034EA1 /* Pods-HelloWorldTwitter.release.xcconfig */ = {isa = PBXFileReference; includeInIndex = 1; lastKnownFileType = text.xcconfig; name = "Pods-HelloWorldTwitter.release.xcconfig"; path = "Target Support Files/Pods-HelloWorldTwitter/Pods-HelloWorldTwitter.release.xcconfig"; sourceTree = "<group>"; };
		BB046CDA6ECD9832EA1CDCC1 /* Pods-HelloWorldTwitter.debug.xcconfig */ = {isa = PBXFileReference; includeInIndex = 1; lastKnownFileType = text.xcconfig; name = "Pods-HelloWorldTwitter.debug.xcconfig"; path = "Target Support Files/Pods-HelloWorldTwitter/Pods-HelloWorldTwitter.debug.xcconfig"; sourceTree = "<group>"; };
/* End PBXFileReference section */

/* Begin PBXFrameworksBuildPhase section */
		14AFB2B523A3F58E002C4312 /* Frameworks */ = {
			isa = PBXFrameworksBuildPhase;
			buildActionMask = 2147483647;
			files = (
			);
			runOnlyForDeploymentPostprocessing = 0;
		};
/* End PBXFrameworksBuildPhase section */

/* Begin PBXGroup section */
		14AFB2AF23A3F58E002C4312 = {
			isa = PBXGroup;
			children = (
				14AFB2BA23A3F58E002C4312 /* HelloWorldTwitter */,
				14AFB2B923A3F58E002C4312 /* Products */,
				DE9BB9282055934E98FD21C9 /* Pods */,
				65F0B4DA4C50FFCC88EA7D48 /* Frameworks */,
			);
			sourceTree = "<group>";
		};
		14AFB2B923A3F58E002C4312 /* Products */ = {
			isa = PBXGroup;
			children = (
				14AFB2B823A3F58E002C4312 /* HelloWorldTwitter.app */,
			);
			name = Products;
			sourceTree = "<group>";
		};
		14AFB2BA23A3F58E002C4312 /* HelloWorldTwitter */ = {
			isa = PBXGroup;
			children = (
				14AFB2BB23A3F58E002C4312 /* AppDelegate.swift */,
				14AFB2BD23A3F58E002C4312 /* MainViewController.swift */,
				14AFB2BF23A3F58E002C4312 /* Main.storyboard */,
				14AFB2C223A3F590002C4312 /* Assets.xcassets */,
				14AFB2C423A3F590002C4312 /* LaunchScreen.storyboard */,
				14AFB2C723A3F590002C4312 /* Info.plist */,
			);
			path = HelloWorldTwitter;
			sourceTree = "<group>";
		};
		65F0B4DA4C50FFCC88EA7D48 /* Frameworks */ = {
			isa = PBXGroup;
			children = (
			);
			name = Frameworks;
			sourceTree = "<group>";
		};
		DE9BB9282055934E98FD21C9 /* Pods */ = {
			isa = PBXGroup;
			children = (
				BB046CDA6ECD9832EA1CDCC1 /* Pods-HelloWorldTwitter.debug.xcconfig */,
				A6054DD1A11602C155034EA1 /* Pods-HelloWorldTwitter.release.xcconfig */,
			);
			path = Pods;
			sourceTree = "<group>";
		};
/* End PBXGroup section */

/* Begin PBXNativeTarget section */
		14AFB2B723A3F58E002C4312 /* HelloWorldTwitter */ = {
			isa = PBXNativeTarget;
			buildConfigurationList = 14AFB2CA23A3F590002C4312 /* Build configuration list for PBXNativeTarget "HelloWorldTwitter" */;
			buildPhases = (
				0D4B6E3B5CC26E3E60E2645B /* [CP] Check Pods Manifest.lock */,
				14AFB2B423A3F58E002C4312 /* Sources */,
				14AFB2B523A3F58E002C4312 /* Frameworks */,
				14AFB2B623A3F58E002C4312 /* Resources */,
				3ACFEA82CCF1B34EFACAC121 /* [CP] Embed Pods Frameworks */,
				5B842E458A4C930590F3C1AE /* [CP] Copy Pods Resources */,
			);
			buildRules = (
			);
			dependencies = (
			);
			name = HelloWorldTwitter;
			productName = HelloWorldTwitter;
			productReference = 14AFB2B823A3F58E002C4312 /* HelloWorldTwitter.app */;
			productType = "com.apple.product-type.application";
		};
/* End PBXNativeTarget section */

/* Begin PBXProject section */
		14AFB2B023A3F58E002C4312 /* Project object */ = {
			isa = PBXProject;
			attributes = {
				LastSwiftUpdateCheck = 1010;
				LastUpgradeCheck = 1010;
				ORGANIZATIONNAME = IFPB;
				TargetAttributes = {
					14AFB2B723A3F58E002C4312 = {
						CreatedOnToolsVersion = 10.1;
					};
				};
			};
			buildConfigurationList = 14AFB2B323A3F58E002C4312 /* Build configuration list for PBXProject "HelloWorldTwitter" */;
			compatibilityVersion = "Xcode 9.3";
			developmentRegion = en;
			hasScannedForEncodings = 0;
			knownRegions = (
				en,
				Base,
			);
			mainGroup = 14AFB2AF23A3F58E002C4312;
			productRefGroup = 14AFB2B923A3F58E002C4312 /* Products */;
			projectDirPath = "";
			projectRoot = "";
			targets = (
				14AFB2B723A3F58E002C4312 /* HelloWorldTwitter */,
			);
		};
/* End PBXProject section */

/* Begin PBXResourcesBuildPhase section */
		14AFB2B623A3F58E002C4312 /* Resources */ = {
			isa = PBXResourcesBuildPhase;
			buildActionMask = 2147483647;
			files = (
				14AFB2C623A3F590002C4312 /* LaunchScreen.storyboard in Resources */,
				14AFB2C323A3F590002C4312 /* Assets.xcassets in Resources */,
				14AFB2C123A3F58E002C4312 /* Main.storyboard in Resources */,
			);
			runOnlyForDeploymentPostprocessing = 0;
		};
/* End PBXResourcesBuildPhase section */

/* Begin PBXShellScriptBuildPhase section */
		0D4B6E3B5CC26E3E60E2645B /* [CP] Check Pods Manifest.lock */ = {
			isa = PBXShellScriptBuildPhase;
			buildActionMask = 2147483647;
			files = (
			);
			inputFileListPaths = (
			);
			inputPaths = (
				"${PODS_PODFILE_DIR_PATH}/Podfile.lock",
				"${PODS_ROOT}/Manifest.lock",
			);
			name = "[CP] Check Pods Manifest.lock";
			outputFileListPaths = (
			);
			outputPaths = (
				"$(DERIVED_FILE_DIR)/Pods-HelloWorldTwitter-checkManifestLockResult.txt",
			);
			runOnlyForDeploymentPostprocessing = 0;
			shellPath = /bin/sh;
			shellScript = "diff \"${PODS_PODFILE_DIR_PATH}/Podfile.lock\" \"${PODS_ROOT}/Manifest.lock\" > /dev/null\nif [ $? != 0 ] ; then\n    # print error to STDERR\n    echo \"error: The sandbox is not in sync with the Podfile.lock. Run 'pod install' or update your CocoaPods installation.\" >&2\n    exit 1\nfi\n# This output is used by Xcode 'outputs' to avoid re-running this script phase.\necho \"SUCCESS\" > \"${SCRIPT_OUTPUT_FILE_0}\"\n";
			showEnvVarsInLog = 0;
		};
		3ACFEA82CCF1B34EFACAC121 /* [CP] Embed Pods Frameworks */ = {
			isa = PBXShellScriptBuildPhase;
			buildActionMask = 2147483647;
			files = (
			);
			inputFileListPaths = (
				"${PODS_ROOT}/Target Support Files/Pods-HelloWorldTwitter/Pods-HelloWorldTwitter-frameworks-${CONFIGURATION}-input-files.xcfilelist",
			);
			name = "[CP] Embed Pods Frameworks";
			outputFileListPaths = (
				"${PODS_ROOT}/Target Support Files/Pods-HelloWorldTwitter/Pods-HelloWorldTwitter-frameworks-${CONFIGURATION}-output-files.xcfilelist",
			);
			runOnlyForDeploymentPostprocessing = 0;
			shellPath = /bin/sh;
			shellScript = "\"${PODS_ROOT}/Target Support Files/Pods-HelloWorldTwitter/Pods-HelloWorldTwitter-frameworks.sh\"\n";
			showEnvVarsInLog = 0;
		};
		5B842E458A4C930590F3C1AE /* [CP] Copy Pods Resources */ = {
			isa = PBXShellScriptBuildPhase;
			buildActionMask = 2147483647;
			files = (
			);
			inputFileListPaths = (
				"${PODS_ROOT}/Target Support Files/Pods-HelloWorldTwitter/Pods-HelloWorldTwitter-resources-${CONFIGURATION}-input-files.xcfilelist",
			);
			name = "[CP] Copy Pods Resources";
			outputFileListPaths = (
				"${PODS_ROOT}/Target Support Files/Pods-HelloWorldTwitter/Pods-HelloWorldTwitter-resources-${CONFIGURATION}-output-files.xcfilelist",
			);
			runOnlyForDeploymentPostprocessing = 0;
			shellPath = /bin/sh;
			shellScript = "\"${PODS_ROOT}/Target Support Files/Pods-HelloWorldTwitter/Pods-HelloWorldTwitter-resources.sh\"\n";
			showEnvVarsInLog = 0;
		};
/* End PBXShellScriptBuildPhase section */

/* Begin PBXSourcesBuildPhase section */
		14AFB2B423A3F58E002C4312 /* Sources */ = {
			isa = PBXSourcesBuildPhase;
			buildActionMask = 2147483647;
			files = (
				14AFB2BE23A3F58E002C4312 /* MainViewController.swift in Sources */,
				14AFB2BC23A3F58E002C4312 /* AppDelegate.swift in Sources */,
			);
			runOnlyForDeploymentPostprocessing = 0;
		};
/* End PBXSourcesBuildPhase section */

/* Begin PBXVariantGroup section */
		14AFB2BF23A3F58E002C4312 /* Main.storyboard */ = {
			isa = PBXVariantGroup;
			children = (
				14AFB2C023A3F58E002C4312 /* Base */,
			);
			name = Main.storyboard;
			sourceTree = "<group>";
		};
		14AFB2C423A3F590002C4312 /* LaunchScreen.storyboard */ = {
			isa = PBXVariantGroup;
			children = (
				14AFB2C523A3F590002C4312 /* Base */,
			);
			name = LaunchScreen.storyboard;
			sourceTree = "<group>";
		};
/* End PBXVariantGroup section */

/* Begin XCBuildConfiguration section */
		14AFB2C823A3F590002C4312 /* Debug */ = {
			isa = XCBuildConfiguration;
			buildSettings = {
				ALWAYS_SEARCH_USER_PATHS = NO;
				CLANG_ANALYZER_NONNULL = YES;
				CLANG_ANALYZER_NUMBER_OBJECT_CONVERSION = YES_AGGRESSIVE;
				CLANG_CXX_LANGUAGE_STANDARD = "gnu++14";
				CLANG_CXX_LIBRARY = "libc++";
				CLANG_ENABLE_MODULES = YES;
				CLANG_ENABLE_OBJC_ARC = YES;
				CLANG_ENABLE_OBJC_WEAK = YES;
				CLANG_WARN_BLOCK_CAPTURE_AUTORELEASING = YES;
				CLANG_WARN_BOOL_CONVERSION = YES;
				CLANG_WARN_COMMA = YES;
				CLANG_WARN_CONSTANT_CONVERSION = YES;
				CLANG_WARN_DEPRECATED_OBJC_IMPLEMENTATIONS = YES;
				CLANG_WARN_DIRECT_OBJC_ISA_USAGE = YES_ERROR;
				CLANG_WARN_DOCUMENTATION_COMMENTS = YES;
				CLANG_WARN_EMPTY_BODY = YES;
				CLANG_WARN_ENUM_CONVERSION = YES;
				CLANG_WARN_INFINITE_RECURSION = YES;
				CLANG_WARN_INT_CONVERSION = YES;
				CLANG_WARN_NON_LITERAL_NULL_CONVERSION = YES;
				CLANG_WARN_OBJC_IMPLICIT_RETAIN_SELF = YES;
				CLANG_WARN_OBJC_LITERAL_CONVERSION = YES;
				CLANG_WARN_OBJC_ROOT_CLASS = YES_ERROR;
				CLANG_WARN_RANGE_LOOP_ANALYSIS = YES;
				CLANG_WARN_STRICT_PROTOTYPES = YES;
				CLANG_WARN_SUSPICIOUS_MOVE = YES;
				CLANG_WARN_UNGUARDED_AVAILABILITY = YES_AGGRESSIVE;
				CLANG_WARN_UNREACHABLE_CODE = YES;
				CLANG_WARN__DUPLICATE_METHOD_MATCH = YES;
				CODE_SIGN_IDENTITY = "iPhone Developer";
				COPY_PHASE_STRIP = NO;
				DEBUG_INFORMATION_FORMAT = dwarf;
				ENABLE_STRICT_OBJC_MSGSEND = YES;
				ENABLE_TESTABILITY = YES;
				GCC_C_LANGUAGE_STANDARD = gnu11;
				GCC_DYNAMIC_NO_PIC = NO;
				GCC_NO_COMMON_BLOCKS = YES;
				GCC_OPTIMIZATION_LEVEL = 0;
				GCC_PREPROCESSOR_DEFINITIONS = (
					"DEBUG=1",
					"$(inherited)",
				);
				GCC_WARN_64_TO_32_BIT_CONVERSION = YES;
				GCC_WARN_ABOUT_RETURN_TYPE = YES_ERROR;
				GCC_WARN_UNDECLARED_SELECTOR = YES;
				GCC_WARN_UNINITIALIZED_AUTOS = YES_AGGRESSIVE;
				GCC_WARN_UNUSED_FUNCTION = YES;
				GCC_WARN_UNUSED_VARIABLE = YES;
				IPHONEOS_DEPLOYMENT_TARGET = 12.1;
				MTL_ENABLE_DEBUG_INFO = INCLUDE_SOURCE;
				MTL_FAST_MATH = YES;
				ONLY_ACTIVE_ARCH = YES;
				SDKROOT = iphoneos;
				SWIFT_ACTIVE_COMPILATION_CONDITIONS = DEBUG;
				SWIFT_OPTIMIZATION_LEVEL = "-Onone";
			};
			name = Debug;
		};
		14AFB2C923A3F590002C4312 /* Release */ = {
			isa = XCBuildConfiguration;
			buildSettings = {
				ALWAYS_SEARCH_USER_PATHS = NO;
				CLANG_ANALYZER_NONNULL = YES;
				CLANG_ANALYZER_NUMBER_OBJECT_CONVERSION = YES_AGGRESSIVE;
				CLANG_CXX_LANGUAGE_STANDARD = "gnu++14";
				CLANG_CXX_LIBRARY = "libc++";
				CLANG_ENABLE_MODULES = YES;
				CLANG_ENABLE_OBJC_ARC = YES;
				CLANG_ENABLE_OBJC_WEAK = YES;
				CLANG_WARN_BLOCK_CAPTURE_AUTORELEASING = YES;
				CLANG_WARN_BOOL_CONVERSION = YES;
				CLANG_WARN_COMMA = YES;
				CLANG_WARN_CONSTANT_CONVERSION = YES;
				CLANG_WARN_DEPRECATED_OBJC_IMPLEMENTATIONS = YES;
				CLANG_WARN_DIRECT_OBJC_ISA_USAGE = YES_ERROR;
				CLANG_WARN_DOCUMENTATION_COMMENTS = YES;
				CLANG_WARN_EMPTY_BODY = YES;
				CLANG_WARN_ENUM_CONVERSION = YES;
				CLANG_WARN_INFINITE_RECURSION = YES;
				CLANG_WARN_INT_CONVERSION = YES;
				CLANG_WARN_NON_LITERAL_NULL_CONVERSION = YES;
				CLANG_WARN_OBJC_IMPLICIT_RETAIN_SELF = YES;
				CLANG_WARN_OBJC_LITERAL_CONVERSION = YES;
				CLANG_WARN_OBJC_ROOT_CLASS = YES_ERROR;
				CLANG_WARN_RANGE_LOOP_ANALYSIS = YES;
				CLANG_WARN_STRICT_PROTOTYPES = YES;
				CLANG_WARN_SUSPICIOUS_MOVE = YES;
				CLANG_WARN_UNGUARDED_AVAILABILITY = YES_AGGRESSIVE;
				CLANG_WARN_UNREACHABLE_CODE = YES;
				CLANG_WARN__DUPLICATE_METHOD_MATCH = YES;
				CODE_SIGN_IDENTITY = "iPhone Developer";
				COPY_PHASE_STRIP = NO;
				DEBUG_INFORMATION_FORMAT = "dwarf-with-dsym";
				ENABLE_NS_ASSERTIONS = NO;
				ENABLE_STRICT_OBJC_MSGSEND = YES;
				GCC_C_LANGUAGE_STANDARD = gnu11;
				GCC_NO_COMMON_BLOCKS = YES;
				GCC_WARN_64_TO_32_BIT_CONVERSION = YES;
				GCC_WARN_ABOUT_RETURN_TYPE = YES_ERROR;
				GCC_WARN_UNDECLARED_SELECTOR = YES;
				GCC_WARN_UNINITIALIZED_AUTOS = YES_AGGRESSIVE;
				GCC_WARN_UNUSED_FUNCTION = YES;
				GCC_WARN_UNUSED_VARIABLE = YES;
				IPHONEOS_DEPLOYMENT_TARGET = 12.1;
				MTL_ENABLE_DEBUG_INFO = NO;
				MTL_FAST_MATH = YES;
				SDKROOT = iphoneos;
				SWIFT_COMPILATION_MODE = wholemodule;
				SWIFT_OPTIMIZATION_LEVEL = "-O";
				VALIDATE_PRODUCT = YES;
			};
			name = Release;
		};
		14AFB2CB23A3F590002C4312 /* Debug */ = {
			isa = XCBuildConfiguration;
			baseConfigurationReference = BB046CDA6ECD9832EA1CDCC1 /* Pods-HelloWorldTwitter.debug.xcconfig */;
			buildSettings = {
				ASSETCATALOG_COMPILER_APPICON_NAME = AppIcon;
				CODE_SIGN_STYLE = Automatic;
				INFOPLIST_FILE = HelloWorldTwitter/Info.plist;
				LD_RUNPATH_SEARCH_PATHS = (
					"$(inherited)",
					"@executable_path/Frameworks",
				);
				PRODUCT_BUNDLE_IDENTIFIER = ifpb.HelloWorldTwitter;
				PRODUCT_NAME = "$(TARGET_NAME)";
				SWIFT_VERSION = 4.2;
				TARGETED_DEVICE_FAMILY = "1,2";
			};
			name = Debug;
		};
		14AFB2CC23A3F590002C4312 /* Release */ = {
			isa = XCBuildConfiguration;
			baseConfigurationReference = A6054DD1A11602C155034EA1 /* Pods-HelloWorldTwitter.release.xcconfig */;
			buildSettings = {
				ASSETCATALOG_COMPILER_APPICON_NAME = AppIcon;
				CODE_SIGN_STYLE = Automatic;
				INFOPLIST_FILE = HelloWorldTwitter/Info.plist;
				LD_RUNPATH_SEARCH_PATHS = (
					"$(inherited)",
					"@executable_path/Frameworks",
				);
				PRODUCT_BUNDLE_IDENTIFIER = ifpb.HelloWorldTwitter;
				PRODUCT_NAME = "$(TARGET_NAME)";
				SWIFT_VERSION = 4.2;
				TARGETED_DEVICE_FAMILY = "1,2";
			};
			name = Release;
		};
/* End XCBuildConfiguration section */

/* Begin XCConfigurationList section */
		14AFB2B323A3F58E002C4312 /* Build configuration list for PBXProject "HelloWorldTwitter" */ = {
			isa = XCConfigurationList;
			buildConfigurations = (
				14AFB2C823A3F590002C4312 /* Debug */,
				14AFB2C923A3F590002C4312 /* Release */,
			);
			defaultConfigurationIsVisible = 0;
			defaultConfigurationName = Release;
		};
		14AFB2CA23A3F590002C4312 /* Build configuration list for PBXNativeTarget "HelloWorldTwitter" */ = {
			isa = XCConfigurationList;
			buildConfigurations = (
				14AFB2CB23A3F590002C4312 /* Debug */,
				14AFB2CC23A3F590002C4312 /* Release */,
			);
			defaultConfigurationIsVisible = 0;
			defaultConfigurationName = Release;
		};
/* End XCConfigurationList section */
	};
	rootObject = 14AFB2B023A3F58E002C4312 /* Project object */;
}
