// !$*UTF8*$!
{
	archiveVersion = 1;
	classes = {
	};
	objectVersion = 50;
	objects = {

/* Begin PBXBuildFile section */
		146C1197239ACC5A00DA7467 /* AppDelegate.swift in Sources */ = {isa = PBXBuildFile; fileRef = 146C1196239ACC5A00DA7467 /* AppDelegate.swift */; };
		146C1199239ACC5A00DA7467 /* FormViewController.swift in Sources */ = {isa = PBXBuildFile; fileRef = 146C1198239ACC5A00DA7467 /* FormViewController.swift */; };
		146C119C239ACC5A00DA7467 /* Main.storyboard in Resources */ = {isa = PBXBuildFile; fileRef = 146C119A239ACC5A00DA7467 /* Main.storyboard */; };
		146C119F239ACC5A00DA7467 /* Memorias.xcdatamodeld in Sources */ = {isa = PBXBuildFile; fileRef = 146C119D239ACC5A00DA7467 /* Memorias.xcdatamodeld */; };
		146C11A1239ACC6600DA7467 /* Assets.xcassets in Resources */ = {isa = PBXBuildFile; fileRef = 146C11A0239ACC6600DA7467 /* Assets.xcassets */; };
		146C11A4239ACC6600DA7467 /* LaunchScreen.storyboard in Resources */ = {isa = PBXBuildFile; fileRef = 146C11A2239ACC6600DA7467 /* LaunchScreen.storyboard */; };
		146C11AF239ACD7E00DA7467 /* MemoriaTableViewController.swift in Sources */ = {isa = PBXBuildFile; fileRef = 146C11AE239ACD7E00DA7467 /* MemoriaTableViewController.swift */; };
		146C11B1239AE05300DA7467 /* MemoriaDAO.swift in Sources */ = {isa = PBXBuildFile; fileRef = 146C11B0239AE05300DA7467 /* MemoriaDAO.swift */; };
/* End PBXBuildFile section */

/* Begin PBXFileReference section */
		146C1193239ACC5A00DA7467 /* Memorias.app */ = {isa = PBXFileReference; explicitFileType = wrapper.application; includeInIndex = 0; path = Memorias.app; sourceTree = BUILT_PRODUCTS_DIR; };
		146C1196239ACC5A00DA7467 /* AppDelegate.swift */ = {isa = PBXFileReference; lastKnownFileType = sourcecode.swift; path = AppDelegate.swift; sourceTree = "<group>"; };
		146C1198239ACC5A00DA7467 /* FormViewController.swift */ = {isa = PBXFileReference; lastKnownFileType = sourcecode.swift; path = FormViewController.swift; sourceTree = "<group>"; };
		146C119B239ACC5A00DA7467 /* Base */ = {isa = PBXFileReference; lastKnownFileType = file.storyboard; name = Base; path = Base.lproj/Main.storyboard; sourceTree = "<group>"; };
		146C119E239ACC5A00DA7467 /* Memorias.xcdatamodel */ = {isa = PBXFileReference; lastKnownFileType = wrapper.xcdatamodel; path = Memorias.xcdatamodel; sourceTree = "<group>"; };
		146C11A0239ACC6600DA7467 /* Assets.xcassets */ = {isa = PBXFileReference; lastKnownFileType = folder.assetcatalog; path = Assets.xcassets; sourceTree = "<group>"; };
		146C11A3239ACC6600DA7467 /* Base */ = {isa = PBXFileReference; lastKnownFileType = file.storyboard; name = Base; path = Base.lproj/LaunchScreen.storyboard; sourceTree = "<group>"; };
		146C11A5239ACC6600DA7467 /* Info.plist */ = {isa = PBXFileReference; lastKnownFileType = text.plist.xml; path = Info.plist; sourceTree = "<group>"; };
		146C11AE239ACD7E00DA7467 /* MemoriaTableViewController.swift */ = {isa = PBXFileReference; lastKnownFileType = sourcecode.swift; path = MemoriaTableViewController.swift; sourceTree = "<group>"; };
		146C11B0239AE05300DA7467 /* MemoriaDAO.swift */ = {isa = PBXFileReference; lastKnownFileType = sourcecode.swift; path = MemoriaDAO.swift; sourceTree = "<group>"; };
/* End PBXFileReference section */

/* Begin PBXFrameworksBuildPhase section */
		146C1190239ACC5A00DA7467 /* Frameworks */ = {
			isa = PBXFrameworksBuildPhase;
			buildActionMask = 2147483647;
			files = (
			);
			runOnlyForDeploymentPostprocessing = 0;
		};
/* End PBXFrameworksBuildPhase section */

/* Begin PBXGroup section */
		146C118A239ACC5900DA7467 = {
			isa = PBXGroup;
			children = (
				146C1195239ACC5A00DA7467 /* Memorias */,
				146C1194239ACC5A00DA7467 /* Products */,
			);
			sourceTree = "<group>";
		};
		146C1194239ACC5A00DA7467 /* Products */ = {
			isa = PBXGroup;
			children = (
				146C1193239ACC5A00DA7467 /* Memorias.app */,
			);
			name = Products;
			sourceTree = "<group>";
		};
		146C1195239ACC5A00DA7467 /* Memorias */ = {
			isa = PBXGroup;
			children = (
				146C11AD239ACC8600DA7467 /* model */,
				146C11AC239ACC7D00DA7467 /* controller */,
				146C11AB239ACC7900DA7467 /* view */,
				146C1196239ACC5A00DA7467 /* AppDelegate.swift */,
				146C11A0239ACC6600DA7467 /* Assets.xcassets */,
				146C11A2239ACC6600DA7467 /* LaunchScreen.storyboard */,
				146C11A5239ACC6600DA7467 /* Info.plist */,
			);
			path = Memorias;
			sourceTree = "<group>";
		};
		146C11AB239ACC7900DA7467 /* view */ = {
			isa = PBXGroup;
			children = (
				146C119A239ACC5A00DA7467 /* Main.storyboard */,
			);
			path = view;
			sourceTree = "<group>";
		};
		146C11AC239ACC7D00DA7467 /* controller */ = {
			isa = PBXGroup;
			children = (
				146C1198239ACC5A00DA7467 /* FormViewController.swift */,
				146C11AE239ACD7E00DA7467 /* MemoriaTableViewController.swift */,
			);
			path = controller;
			sourceTree = "<group>";
		};
		146C11AD239ACC8600DA7467 /* model */ = {
			isa = PBXGroup;
			children = (
				146C119D239ACC5A00DA7467 /* Memorias.xcdatamodeld */,
				146C11B0239AE05300DA7467 /* MemoriaDAO.swift */,
			);
			path = model;
			sourceTree = "<group>";
		};
/* End PBXGroup section */

/* Begin PBXNativeTarget section */
		146C1192239ACC5A00DA7467 /* Memorias */ = {
			isa = PBXNativeTarget;
			buildConfigurationList = 146C11A8239ACC6600DA7467 /* Build configuration list for PBXNativeTarget "Memorias" */;
			buildPhases = (
				146C118F239ACC5A00DA7467 /* Sources */,
				146C1190239ACC5A00DA7467 /* Frameworks */,
				146C1191239ACC5A00DA7467 /* Resources */,
			);
			buildRules = (
			);
			dependencies = (
			);
			name = Memorias;
			productName = Memorias;
			productReference = 146C1193239ACC5A00DA7467 /* Memorias.app */;
			productType = "com.apple.product-type.application";
		};
/* End PBXNativeTarget section */

/* Begin PBXProject section */
		146C118B239ACC5900DA7467 /* Project object */ = {
			isa = PBXProject;
			attributes = {
				LastSwiftUpdateCheck = 1010;
				LastUpgradeCheck = 1010;
				ORGANIZATIONNAME = IFPB;
				TargetAttributes = {
					146C1192239ACC5A00DA7467 = {
						CreatedOnToolsVersion = 10.1;
					};
				};
			};
			buildConfigurationList = 146C118E239ACC5900DA7467 /* Build configuration list for PBXProject "Memorias" */;
			compatibilityVersion = "Xcode 9.3";
			developmentRegion = en;
			hasScannedForEncodings = 0;
			knownRegions = (
				en,
				Base,
			);
			mainGroup = 146C118A239ACC5900DA7467;
			productRefGroup = 146C1194239ACC5A00DA7467 /* Products */;
			projectDirPath = "";
			projectRoot = "";
			targets = (
				146C1192239ACC5A00DA7467 /* Memorias */,
			);
		};
/* End PBXProject section */

/* Begin PBXResourcesBuildPhase section */
		146C1191239ACC5A00DA7467 /* Resources */ = {
			isa = PBXResourcesBuildPhase;
			buildActionMask = 2147483647;
			files = (
				146C11A4239ACC6600DA7467 /* LaunchScreen.storyboard in Resources */,
				146C11A1239ACC6600DA7467 /* Assets.xcassets in Resources */,
				146C119C239ACC5A00DA7467 /* Main.storyboard in Resources */,
			);
			runOnlyForDeploymentPostprocessing = 0;
		};
/* End PBXResourcesBuildPhase section */

/* Begin PBXSourcesBuildPhase section */
		146C118F239ACC5A00DA7467 /* Sources */ = {
			isa = PBXSourcesBuildPhase;
			buildActionMask = 2147483647;
			files = (
				146C11B1239AE05300DA7467 /* MemoriaDAO.swift in Sources */,
				146C11AF239ACD7E00DA7467 /* MemoriaTableViewController.swift in Sources */,
				146C119F239ACC5A00DA7467 /* Memorias.xcdatamodeld in Sources */,
				146C1199239ACC5A00DA7467 /* FormViewController.swift in Sources */,
				146C1197239ACC5A00DA7467 /* AppDelegate.swift in Sources */,
			);
			runOnlyForDeploymentPostprocessing = 0;
		};
/* End PBXSourcesBuildPhase section */

/* Begin PBXVariantGroup section */
		146C119A239ACC5A00DA7467 /* Main.storyboard */ = {
			isa = PBXVariantGroup;
			children = (
				146C119B239ACC5A00DA7467 /* Base */,
			);
			name = Main.storyboard;
			sourceTree = "<group>";
		};
		146C11A2239ACC6600DA7467 /* LaunchScreen.storyboard */ = {
			isa = PBXVariantGroup;
			children = (
				146C11A3239ACC6600DA7467 /* Base */,
			);
			name = LaunchScreen.storyboard;
			sourceTree = "<group>";
		};
/* End PBXVariantGroup section */

/* Begin XCBuildConfiguration section */
		146C11A6239ACC6600DA7467 /* Debug */ = {
			isa = XCBuildConfiguration;
			buildSettings = {
				ALWAYS_SEARCH_USER_PATHS = NO;
				CLANG_ANALYZER_NONNULL = YES;
				CLANG_ANALYZER_NUMBER_OBJECT_CONVERSION = YES_AGGRESSIVE;
				CLANG_CXX_LANGUAGE_STANDARD = "gnu++14";
				CLANG_CXX_LIBRARY = "libc++";
				CLANG_ENABLE_MODULES = YES;
				CLANG_ENABLE_OBJC_ARC = YES;
				CLANG_ENABLE_OBJC_WEAK = YES;
				CLANG_WARN_BLOCK_CAPTURE_AUTORELEASING = YES;
				CLANG_WARN_BOOL_CONVERSION = YES;
				CLANG_WARN_COMMA = YES;
				CLANG_WARN_CONSTANT_CONVERSION = YES;
				CLANG_WARN_DEPRECATED_OBJC_IMPLEMENTATIONS = YES;
				CLANG_WARN_DIRECT_OBJC_ISA_USAGE = YES_ERROR;
				CLANG_WARN_DOCUMENTATION_COMMENTS = YES;
				CLANG_WARN_EMPTY_BODY = YES;
				CLANG_WARN_ENUM_CONVERSION = YES;
				CLANG_WARN_INFINITE_RECURSION = YES;
				CLANG_WARN_INT_CONVERSION = YES;
				CLANG_WARN_NON_LITERAL_NULL_CONVERSION = YES;
				CLANG_WARN_OBJC_IMPLICIT_RETAIN_SELF = YES;
				CLANG_WARN_OBJC_LITERAL_CONVERSION = YES;
				CLANG_WARN_OBJC_ROOT_CLASS = YES_ERROR;
				CLANG_WARN_RANGE_LOOP_ANALYSIS = YES;
				CLANG_WARN_STRICT_PROTOTYPES = YES;
				CLANG_WARN_SUSPICIOUS_MOVE = YES;
				CLANG_WARN_UNGUARDED_AVAILABILITY = YES_AGGRESSIVE;
				CLANG_WARN_UNREACHABLE_CODE = YES;
				CLANG_WARN__DUPLICATE_METHOD_MATCH = YES;
				CODE_SIGN_IDENTITY = "iPhone Developer";
				COPY_PHASE_STRIP = NO;
				DEBUG_INFORMATION_FORMAT = dwarf;
				ENABLE_STRICT_OBJC_MSGSEND = YES;
				ENABLE_TESTABILITY = YES;
				GCC_C_LANGUAGE_STANDARD = gnu11;
				GCC_DYNAMIC_NO_PIC = NO;
				GCC_NO_COMMON_BLOCKS = YES;
				GCC_OPTIMIZATION_LEVEL = 0;
				GCC_PREPROCESSOR_DEFINITIONS = (
					"DEBUG=1",
					"$(inherited)",
				);
				GCC_WARN_64_TO_32_BIT_CONVERSION = YES;
				GCC_WARN_ABOUT_RETURN_TYPE = YES_ERROR;
				GCC_WARN_UNDECLARED_SELECTOR = YES;
				GCC_WARN_UNINITIALIZED_AUTOS = YES_AGGRESSIVE;
				GCC_WARN_UNUSED_FUNCTION = YES;
				GCC_WARN_UNUSED_VARIABLE = YES;
				IPHONEOS_DEPLOYMENT_TARGET = 12.1;
				MTL_ENABLE_DEBUG_INFO = INCLUDE_SOURCE;
				MTL_FAST_MATH = YES;
				ONLY_ACTIVE_ARCH = YES;
				SDKROOT = iphoneos;
				SWIFT_ACTIVE_COMPILATION_CONDITIONS = DEBUG;
				SWIFT_OPTIMIZATION_LEVEL = "-Onone";
			};
			name = Debug;
		};
		146C11A7239ACC6600DA7467 /* Release */ = {
			isa = XCBuildConfiguration;
			buildSettings = {
				ALWAYS_SEARCH_USER_PATHS = NO;
				CLANG_ANALYZER_NONNULL = YES;
				CLANG_ANALYZER_NUMBER_OBJECT_CONVERSION = YES_AGGRESSIVE;
				CLANG_CXX_LANGUAGE_STANDARD = "gnu++14";
				CLANG_CXX_LIBRARY = "libc++";
				CLANG_ENABLE_MODULES = YES;
				CLANG_ENABLE_OBJC_ARC = YES;
				CLANG_ENABLE_OBJC_WEAK = YES;
				CLANG_WARN_BLOCK_CAPTURE_AUTORELEASING = YES;
				CLANG_WARN_BOOL_CONVERSION = YES;
				CLANG_WARN_COMMA = YES;
				CLANG_WARN_CONSTANT_CONVERSION = YES;
				CLANG_WARN_DEPRECATED_OBJC_IMPLEMENTATIONS = YES;
				CLANG_WARN_DIRECT_OBJC_ISA_USAGE = YES_ERROR;
				CLANG_WARN_DOCUMENTATION_COMMENTS = YES;
				CLANG_WARN_EMPTY_BODY = YES;
				CLANG_WARN_ENUM_CONVERSION = YES;
				CLANG_WARN_INFINITE_RECURSION = YES;
				CLANG_WARN_INT_CONVERSION = YES;
				CLANG_WARN_NON_LITERAL_NULL_CONVERSION = YES;
				CLANG_WARN_OBJC_IMPLICIT_RETAIN_SELF = YES;
				CLANG_WARN_OBJC_LITERAL_CONVERSION = YES;
				CLANG_WARN_OBJC_ROOT_CLASS = YES_ERROR;
				CLANG_WARN_RANGE_LOOP_ANALYSIS = YES;
				CLANG_WARN_STRICT_PROTOTYPES = YES;
				CLANG_WARN_SUSPICIOUS_MOVE = YES;
				CLANG_WARN_UNGUARDED_AVAILABILITY = YES_AGGRESSIVE;
				CLANG_WARN_UNREACHABLE_CODE = YES;
				CLANG_WARN__DUPLICATE_METHOD_MATCH = YES;
				CODE_SIGN_IDENTITY = "iPhone Developer";
				COPY_PHASE_STRIP = NO;
				DEBUG_INFORMATION_FORMAT = "dwarf-with-dsym";
				ENABLE_NS_ASSERTIONS = NO;
				ENABLE_STRICT_OBJC_MSGSEND = YES;
				GCC_C_LANGUAGE_STANDARD = gnu11;
				GCC_NO_COMMON_BLOCKS = YES;
				GCC_WARN_64_TO_32_BIT_CONVERSION = YES;
				GCC_WARN_ABOUT_RETURN_TYPE = YES_ERROR;
				GCC_WARN_UNDECLARED_SELECTOR = YES;
				GCC_WARN_UNINITIALIZED_AUTOS = YES_AGGRESSIVE;
				GCC_WARN_UNUSED_FUNCTION = YES;
				GCC_WARN_UNUSED_VARIABLE = YES;
				IPHONEOS_DEPLOYMENT_TARGET = 12.1;
				MTL_ENABLE_DEBUG_INFO = NO;
				MTL_FAST_MATH = YES;
				SDKROOT = iphoneos;
				SWIFT_COMPILATION_MODE = wholemodule;
				SWIFT_OPTIMIZATION_LEVEL = "-O";
				VALIDATE_PRODUCT = YES;
			};
			name = Release;
		};
		146C11A9239ACC6600DA7467 /* Debug */ = {
			isa = XCBuildConfiguration;
			buildSettings = {
				ASSETCATALOG_COMPILER_APPICON_NAME = AppIcon;
				CODE_SIGN_STYLE = Automatic;
				INFOPLIST_FILE = Memorias/Info.plist;
				LD_RUNPATH_SEARCH_PATHS = (
					"$(inherited)",
					"@executable_path/Frameworks",
				);
				PRODUCT_BUNDLE_IDENTIFIER = br.edu.ifpb.Memorias;
				PRODUCT_NAME = "$(TARGET_NAME)";
				SWIFT_VERSION = 4.2;
				TARGETED_DEVICE_FAMILY = "1,2";
			};
			name = Debug;
		};
		146C11AA239ACC6600DA7467 /* Release */ = {
			isa = XCBuildConfiguration;
			buildSettings = {
				ASSETCATALOG_COMPILER_APPICON_NAME = AppIcon;
				CODE_SIGN_STYLE = Automatic;
				INFOPLIST_FILE = Memorias/Info.plist;
				LD_RUNPATH_SEARCH_PATHS = (
					"$(inherited)",
					"@executable_path/Frameworks",
				);
				PRODUCT_BUNDLE_IDENTIFIER = br.edu.ifpb.Memorias;
				PRODUCT_NAME = "$(TARGET_NAME)";
				SWIFT_VERSION = 4.2;
				TARGETED_DEVICE_FAMILY = "1,2";
			};
			name = Release;
		};
/* End XCBuildConfiguration section */

/* Begin XCConfigurationList section */
		146C118E239ACC5900DA7467 /* Build configuration list for PBXProject "Memorias" */ = {
			isa = XCConfigurationList;
			buildConfigurations = (
				146C11A6239ACC6600DA7467 /* Debug */,
				146C11A7239ACC6600DA7467 /* Release */,
			);
			defaultConfigurationIsVisible = 0;
			defaultConfigurationName = Release;
		};
		146C11A8239ACC6600DA7467 /* Build configuration list for PBXNativeTarget "Memorias" */ = {
			isa = XCConfigurationList;
			buildConfigurations = (
				146C11A9239ACC6600DA7467 /* Debug */,
				146C11AA239ACC6600DA7467 /* Release */,
			);
			defaultConfigurationIsVisible = 0;
			defaultConfigurationName = Release;
		};
/* End XCConfigurationList section */

/* Begin XCVersionGroup section */
		146C119D239ACC5A00DA7467 /* Memorias.xcdatamodeld */ = {
			isa = XCVersionGroup;
			children = (
				146C119E239ACC5A00DA7467 /* Memorias.xcdatamodel */,
			);
			currentVersion = 146C119E239ACC5A00DA7467 /* Memorias.xcdatamodel */;
			path = Memorias.xcdatamodeld;
			sourceTree = "<group>";
			versionGroupType = wrapper.xcdatamodel;
		};
/* End XCVersionGroup section */
	};
	rootObject = 146C118B239ACC5900DA7467 /* Project object */;
}
